
Microsoft Visual Studio Solution File, Format Version 12.00
# Visual Studio 14
VisualStudioVersion = 14.0.24720.0
MinimumVisualStudioVersion = 10.0.40219.1
Project("{2150E333-8FDC-42A3-9474-1A3956D46DE8}") = "Solution Items", "Solution Items", "{123D8889-8B49-497F-9FDD-925A4A3EB744}"
	ProjectSection(SolutionItems) = preProject
		.travis.yml = .travis.yml
		README.md = README.md
	EndProjectSection
EndProject
Project("{2150E333-8FDC-42A3-9474-1A3956D46DE8}") = "src", "src", "{0CADFC58-B808-45D7-9E9B-BF8EABAE1E4F}"
EndProject
Project("{2150E333-8FDC-42A3-9474-1A3956D46DE8}") = "test", "test", "{6D4A640E-FF16-40F6-8F7F-FC85C28E4EFC}"
EndProject
Project("{FAE04EC0-301F-11D3-BF4B-00C04F79EFBC}") = "ServerConsoleApp", "ServerConsoleApp\ServerConsoleApp.csproj", "{0DA32875-6873-4F4D-8FD9-03DDE867FCCC}"
EndProject
Project("{FAE04EC0-301F-11D3-BF4B-00C04F79EFBC}") = "ClientConsoleApp", "ClientConsoleApp\ClientConsoleApp.csproj", "{B511C8CD-A77B-4206-9B20-A1C981D064E8}"
EndProject
Project("{FAE04EC0-301F-11D3-BF4B-00C04F79EFBC}") = "Tests", "Tests\Tests.csproj", "{81347FB0-D263-41EB-9C82-D2C146FCA544}"
EndProject
Project("{FAE04EC0-301F-11D3-BF4B-00C04F79EFBC}") = "Chat.Messaging", "Chat.Messaging\Chat.Messaging.csproj", "{9D16257B-8E15-4A45-9EC0-95DDADDAF3CF}"
EndProject
Global
	GlobalSection(SolutionConfigurationPlatforms) = preSolution
		Debug|Any CPU = Debug|Any CPU
		Release|Any CPU = Release|Any CPU
	EndGlobalSection
	GlobalSection(ProjectConfigurationPlatforms) = postSolution
		{0DA32875-6873-4F4D-8FD9-03DDE867FCCC}.Debug|Any CPU.ActiveCfg = Debug|Any CPU
		{0DA32875-6873-4F4D-8FD9-03DDE867FCCC}.Debug|Any CPU.Build.0 = Debug|Any CPU
		{0DA32875-6873-4F4D-8FD9-03DDE867FCCC}.Release|Any CPU.ActiveCfg = Release|Any CPU
		{0DA32875-6873-4F4D-8FD9-03DDE867FCCC}.Release|Any CPU.Build.0 = Release|Any CPU
		{B511C8CD-A77B-4206-9B20-A1C981D064E8}.Debug|Any CPU.ActiveCfg = Debug|Any CPU
		{B511C8CD-A77B-4206-9B20-A1C981D064E8}.Debug|Any CPU.Build.0 = Debug|Any CPU
		{B511C8CD-A77B-4206-9B20-A1C981D064E8}.Release|Any CPU.ActiveCfg = Release|Any CPU
		{B511C8CD-A77B-4206-9B20-A1C981D064E8}.Release|Any CPU.Build.0 = Release|Any CPU
		{81347FB0-D263-41EB-9C82-D2C146FCA544}.Debug|Any CPU.ActiveCfg = Debug|Any CPU
		{81347FB0-D263-41EB-9C82-D2C146FCA544}.Debug|Any CPU.Build.0 = Debug|Any CPU
		{81347FB0-D263-41EB-9C82-D2C146FCA544}.Release|Any CPU.ActiveCfg = Release|Any CPU
		{81347FB0-D263-41EB-9C82-D2C146FCA544}.Release|Any CPU.Build.0 = Release|Any CPU
		{9D16257B-8E15-4A45-9EC0-95DDADDAF3CF}.Debug|Any CPU.ActiveCfg = Debug|Any CPU
		{9D16257B-8E15-4A45-9EC0-95DDADDAF3CF}.Debug|Any CPU.Build.0 = Debug|Any CPU
		{9D16257B-8E15-4A45-9EC0-95DDADDAF3CF}.Release|Any CPU.ActiveCfg = Release|Any CPU
		{9D16257B-8E15-4A45-9EC0-95DDADDAF3CF}.Release|Any CPU.Build.0 = Release|Any CPU
	EndGlobalSection
	GlobalSection(SolutionProperties) = preSolution
		HideSolutionNode = FALSE
	EndGlobalSection
	GlobalSection(NestedProjects) = preSolution
		{0DA32875-6873-4F4D-8FD9-03DDE867FCCC} = {0CADFC58-B808-45D7-9E9B-BF8EABAE1E4F}
		{B511C8CD-A77B-4206-9B20-A1C981D064E8} = {0CADFC58-B808-45D7-9E9B-BF8EABAE1E4F}
		{81347FB0-D263-41EB-9C82-D2C146FCA544} = {6D4A640E-FF16-40F6-8F7F-FC85C28E4EFC}
		{9D16257B-8E15-4A45-9EC0-95DDADDAF3CF} = {0CADFC58-B808-45D7-9E9B-BF8EABAE1E4F}
	EndGlobalSection
EndGlobal
